// !$*UTF8*$!
{
	archiveVersion = 1;
	classes = {
	};
	objectVersion = 50;
	objects = {

/* Begin PBXBuildFile section */
		18E895B262D877745F13C567 /* Pods_TestBlueTrainglePod.framework in Frameworks */ = {isa = PBXBuildFile; fileRef = 15CF75E396F057F31DBAC315 /* Pods_TestBlueTrainglePod.framework */; };
		1FF02412DC40EDAA1801D448 /* Pods_TestBlueTrainglePod_TestBlueTrainglePodUITests.framework in Frameworks */ = {isa = PBXBuildFile; fileRef = 1B654D3B739755877FF546FA /* Pods_TestBlueTrainglePod_TestBlueTrainglePodUITests.framework */; };
		A84520067268DF9B69408BE7 /* Pods_TestBlueTrainglePodTests.framework in Frameworks */ = {isa = PBXBuildFile; fileRef = 5F265870654880D100F5B38E /* Pods_TestBlueTrainglePodTests.framework */; };
		E5471B4D25503F8B0063FB08 /* TestBlueTrainglePodApp.swift in Sources */ = {isa = PBXBuildFile; fileRef = E5471B4C25503F8B0063FB08 /* TestBlueTrainglePodApp.swift */; };
		E5471B4F25503F8B0063FB08 /* ContentView.swift in Sources */ = {isa = PBXBuildFile; fileRef = E5471B4E25503F8B0063FB08 /* ContentView.swift */; };
		E5471B5125503F8F0063FB08 /* Assets.xcassets in Resources */ = {isa = PBXBuildFile; fileRef = E5471B5025503F8F0063FB08 /* Assets.xcassets */; };
		E5471B5425503F8F0063FB08 /* Preview Assets.xcassets in Resources */ = {isa = PBXBuildFile; fileRef = E5471B5325503F8F0063FB08 /* Preview Assets.xcassets */; };
		E5471B5F25503F8F0063FB08 /* TestBlueTrainglePodTests.swift in Sources */ = {isa = PBXBuildFile; fileRef = E5471B5E25503F8F0063FB08 /* TestBlueTrainglePodTests.swift */; };
		E5471B6A25503F8F0063FB08 /* TestBlueTrainglePodUITests.swift in Sources */ = {isa = PBXBuildFile; fileRef = E5471B6925503F8F0063FB08 /* TestBlueTrainglePodUITests.swift */; };
/* End PBXBuildFile section */

/* Begin PBXContainerItemProxy section */
		E5471B5B25503F8F0063FB08 /* PBXContainerItemProxy */ = {
			isa = PBXContainerItemProxy;
			containerPortal = E5471B4125503F8B0063FB08 /* Project object */;
			proxyType = 1;
			remoteGlobalIDString = E5471B4825503F8B0063FB08;
			remoteInfo = TestBlueTrainglePod;
		};
		E5471B6625503F8F0063FB08 /* PBXContainerItemProxy */ = {
			isa = PBXContainerItemProxy;
			containerPortal = E5471B4125503F8B0063FB08 /* Project object */;
			proxyType = 1;
			remoteGlobalIDString = E5471B4825503F8B0063FB08;
			remoteInfo = TestBlueTrainglePod;
		};
/* End PBXContainerItemProxy section */

/* Begin PBXFileReference section */
		15CF75E396F057F31DBAC315 /* Pods_TestBlueTrainglePod.framework */ = {isa = PBXFileReference; explicitFileType = wrapper.framework; includeInIndex = 0; path = Pods_TestBlueTrainglePod.framework; sourceTree = BUILT_PRODUCTS_DIR; };
		18E127E4A887A7BBB6A0CAA4 /* Pods-TestBlueTrainglePodTests.release.xcconfig */ = {isa = PBXFileReference; includeInIndex = 1; lastKnownFileType = text.xcconfig; name = "Pods-TestBlueTrainglePodTests.release.xcconfig"; path = "Target Support Files/Pods-TestBlueTrainglePodTests/Pods-TestBlueTrainglePodTests.release.xcconfig"; sourceTree = "<group>"; };
		1B654D3B739755877FF546FA /* Pods_TestBlueTrainglePod_TestBlueTrainglePodUITests.framework */ = {isa = PBXFileReference; explicitFileType = wrapper.framework; includeInIndex = 0; path = Pods_TestBlueTrainglePod_TestBlueTrainglePodUITests.framework; sourceTree = BUILT_PRODUCTS_DIR; };
		246F85944532F7312F82DFBA /* Pods-TestBlueTrainglePodTests.debug.xcconfig */ = {isa = PBXFileReference; includeInIndex = 1; lastKnownFileType = text.xcconfig; name = "Pods-TestBlueTrainglePodTests.debug.xcconfig"; path = "Target Support Files/Pods-TestBlueTrainglePodTests/Pods-TestBlueTrainglePodTests.debug.xcconfig"; sourceTree = "<group>"; };
		4DCAA95D27B1F6652BAAF273 /* Pods-TestBlueTrainglePod-TestBlueTrainglePodUITests.release.xcconfig */ = {isa = PBXFileReference; includeInIndex = 1; lastKnownFileType = text.xcconfig; name = "Pods-TestBlueTrainglePod-TestBlueTrainglePodUITests.release.xcconfig"; path = "Target Support Files/Pods-TestBlueTrainglePod-TestBlueTrainglePodUITests/Pods-TestBlueTrainglePod-TestBlueTrainglePodUITests.release.xcconfig"; sourceTree = "<group>"; };
		5F265870654880D100F5B38E /* Pods_TestBlueTrainglePodTests.framework */ = {isa = PBXFileReference; explicitFileType = wrapper.framework; includeInIndex = 0; path = Pods_TestBlueTrainglePodTests.framework; sourceTree = BUILT_PRODUCTS_DIR; };
		9B071AA80BEA9BC1AAEC5F29 /* Pods-TestBlueTrainglePod.release.xcconfig */ = {isa = PBXFileReference; includeInIndex = 1; lastKnownFileType = text.xcconfig; name = "Pods-TestBlueTrainglePod.release.xcconfig"; path = "Target Support Files/Pods-TestBlueTrainglePod/Pods-TestBlueTrainglePod.release.xcconfig"; sourceTree = "<group>"; };
		A3F9A0558118D8988524B319 /* Pods-TestBlueTrainglePod.debug.xcconfig */ = {isa = PBXFileReference; includeInIndex = 1; lastKnownFileType = text.xcconfig; name = "Pods-TestBlueTrainglePod.debug.xcconfig"; path = "Target Support Files/Pods-TestBlueTrainglePod/Pods-TestBlueTrainglePod.debug.xcconfig"; sourceTree = "<group>"; };
		DC4797615BA02621A038F8E5 /* Pods-TestBlueTrainglePod-TestBlueTrainglePodUITests.debug.xcconfig */ = {isa = PBXFileReference; includeInIndex = 1; lastKnownFileType = text.xcconfig; name = "Pods-TestBlueTrainglePod-TestBlueTrainglePodUITests.debug.xcconfig"; path = "Target Support Files/Pods-TestBlueTrainglePod-TestBlueTrainglePodUITests/Pods-TestBlueTrainglePod-TestBlueTrainglePodUITests.debug.xcconfig"; sourceTree = "<group>"; };
		E5471B4925503F8B0063FB08 /* TestBlueTrainglePod.app */ = {isa = PBXFileReference; explicitFileType = wrapper.application; includeInIndex = 0; path = TestBlueTrainglePod.app; sourceTree = BUILT_PRODUCTS_DIR; };
		E5471B4C25503F8B0063FB08 /* TestBlueTrainglePodApp.swift */ = {isa = PBXFileReference; lastKnownFileType = sourcecode.swift; path = TestBlueTrainglePodApp.swift; sourceTree = "<group>"; };
		E5471B4E25503F8B0063FB08 /* ContentView.swift */ = {isa = PBXFileReference; lastKnownFileType = sourcecode.swift; path = ContentView.swift; sourceTree = "<group>"; };
		E5471B5025503F8F0063FB08 /* Assets.xcassets */ = {isa = PBXFileReference; lastKnownFileType = folder.assetcatalog; path = Assets.xcassets; sourceTree = "<group>"; };
		E5471B5325503F8F0063FB08 /* Preview Assets.xcassets */ = {isa = PBXFileReference; lastKnownFileType = folder.assetcatalog; path = "Preview Assets.xcassets"; sourceTree = "<group>"; };
		E5471B5525503F8F0063FB08 /* Info.plist */ = {isa = PBXFileReference; lastKnownFileType = text.plist.xml; path = Info.plist; sourceTree = "<group>"; };
		E5471B5A25503F8F0063FB08 /* TestBlueTrainglePodTests.xctest */ = {isa = PBXFileReference; explicitFileType = wrapper.cfbundle; includeInIndex = 0; path = TestBlueTrainglePodTests.xctest; sourceTree = BUILT_PRODUCTS_DIR; };
		E5471B5E25503F8F0063FB08 /* TestBlueTrainglePodTests.swift */ = {isa = PBXFileReference; lastKnownFileType = sourcecode.swift; path = TestBlueTrainglePodTests.swift; sourceTree = "<group>"; };
		E5471B6025503F8F0063FB08 /* Info.plist */ = {isa = PBXFileReference; lastKnownFileType = text.plist.xml; path = Info.plist; sourceTree = "<group>"; };
		E5471B6525503F8F0063FB08 /* TestBlueTrainglePodUITests.xctest */ = {isa = PBXFileReference; explicitFileType = wrapper.cfbundle; includeInIndex = 0; path = TestBlueTrainglePodUITests.xctest; sourceTree = BUILT_PRODUCTS_DIR; };
		E5471B6925503F8F0063FB08 /* TestBlueTrainglePodUITests.swift */ = {isa = PBXFileReference; lastKnownFileType = sourcecode.swift; path = TestBlueTrainglePodUITests.swift; sourceTree = "<group>"; };
		E5471B6B25503F8F0063FB08 /* Info.plist */ = {isa = PBXFileReference; lastKnownFileType = text.plist.xml; path = Info.plist; sourceTree = "<group>"; };
/* End PBXFileReference section */

/* Begin PBXFrameworksBuildPhase section */
		E5471B4625503F8B0063FB08 /* Frameworks */ = {
			isa = PBXFrameworksBuildPhase;
			buildActionMask = 2147483647;
			files = (
				18E895B262D877745F13C567 /* Pods_TestBlueTrainglePod.framework in Frameworks */,
			);
			runOnlyForDeploymentPostprocessing = 0;
		};
		E5471B5725503F8F0063FB08 /* Frameworks */ = {
			isa = PBXFrameworksBuildPhase;
			buildActionMask = 2147483647;
			files = (
				A84520067268DF9B69408BE7 /* Pods_TestBlueTrainglePodTests.framework in Frameworks */,
			);
			runOnlyForDeploymentPostprocessing = 0;
		};
		E5471B6225503F8F0063FB08 /* Frameworks */ = {
			isa = PBXFrameworksBuildPhase;
			buildActionMask = 2147483647;
			files = (
				1FF02412DC40EDAA1801D448 /* Pods_TestBlueTrainglePod_TestBlueTrainglePodUITests.framework in Frameworks */,
			);
			runOnlyForDeploymentPostprocessing = 0;
		};
/* End PBXFrameworksBuildPhase section */

/* Begin PBXGroup section */
		27AF2625B98E2A03B45CE293 /* Pods */ = {
			isa = PBXGroup;
			children = (
				A3F9A0558118D8988524B319 /* Pods-TestBlueTrainglePod.debug.xcconfig */,
				9B071AA80BEA9BC1AAEC5F29 /* Pods-TestBlueTrainglePod.release.xcconfig */,
				DC4797615BA02621A038F8E5 /* Pods-TestBlueTrainglePod-TestBlueTrainglePodUITests.debug.xcconfig */,
				4DCAA95D27B1F6652BAAF273 /* Pods-TestBlueTrainglePod-TestBlueTrainglePodUITests.release.xcconfig */,
				246F85944532F7312F82DFBA /* Pods-TestBlueTrainglePodTests.debug.xcconfig */,
				18E127E4A887A7BBB6A0CAA4 /* Pods-TestBlueTrainglePodTests.release.xcconfig */,
			);
			name = Pods;
			path = Pods;
			sourceTree = "<group>";
		};
		721867EEA7DEFD93FE740DFD /* Frameworks */ = {
			isa = PBXGroup;
			children = (
				15CF75E396F057F31DBAC315 /* Pods_TestBlueTrainglePod.framework */,
				1B654D3B739755877FF546FA /* Pods_TestBlueTrainglePod_TestBlueTrainglePodUITests.framework */,
				5F265870654880D100F5B38E /* Pods_TestBlueTrainglePodTests.framework */,
			);
			name = Frameworks;
			sourceTree = "<group>";
		};
		E5471B4025503F8B0063FB08 = {
			isa = PBXGroup;
			children = (
				E5471B4B25503F8B0063FB08 /* TestBlueTrainglePod */,
				E5471B5D25503F8F0063FB08 /* TestBlueTrainglePodTests */,
				E5471B6825503F8F0063FB08 /* TestBlueTrainglePodUITests */,
				E5471B4A25503F8B0063FB08 /* Products */,
				27AF2625B98E2A03B45CE293 /* Pods */,
				721867EEA7DEFD93FE740DFD /* Frameworks */,
			);
			sourceTree = "<group>";
		};
		E5471B4A25503F8B0063FB08 /* Products */ = {
			isa = PBXGroup;
			children = (
				E5471B4925503F8B0063FB08 /* TestBlueTrainglePod.app */,
				E5471B5A25503F8F0063FB08 /* TestBlueTrainglePodTests.xctest */,
				E5471B6525503F8F0063FB08 /* TestBlueTrainglePodUITests.xctest */,
			);
			name = Products;
			sourceTree = "<group>";
		};
		E5471B4B25503F8B0063FB08 /* TestBlueTrainglePod */ = {
			isa = PBXGroup;
			children = (
				E5471B4C25503F8B0063FB08 /* TestBlueTrainglePodApp.swift */,
				E5471B4E25503F8B0063FB08 /* ContentView.swift */,
				E5471B5025503F8F0063FB08 /* Assets.xcassets */,
				E5471B5525503F8F0063FB08 /* Info.plist */,
				E5471B5225503F8F0063FB08 /* Preview Content */,
			);
			path = TestBlueTrainglePod;
			sourceTree = "<group>";
		};
		E5471B5225503F8F0063FB08 /* Preview Content */ = {
			isa = PBXGroup;
			children = (
				E5471B5325503F8F0063FB08 /* Preview Assets.xcassets */,
			);
			path = "Preview Content";
			sourceTree = "<group>";
		};
		E5471B5D25503F8F0063FB08 /* TestBlueTrainglePodTests */ = {
			isa = PBXGroup;
			children = (
				E5471B5E25503F8F0063FB08 /* TestBlueTrainglePodTests.swift */,
				E5471B6025503F8F0063FB08 /* Info.plist */,
			);
			path = TestBlueTrainglePodTests;
			sourceTree = "<group>";
		};
		E5471B6825503F8F0063FB08 /* TestBlueTrainglePodUITests */ = {
			isa = PBXGroup;
			children = (
				E5471B6925503F8F0063FB08 /* TestBlueTrainglePodUITests.swift */,
				E5471B6B25503F8F0063FB08 /* Info.plist */,
			);
			path = TestBlueTrainglePodUITests;
			sourceTree = "<group>";
		};
/* End PBXGroup section */

/* Begin PBXNativeTarget section */
		E5471B4825503F8B0063FB08 /* TestBlueTrainglePod */ = {
			isa = PBXNativeTarget;
			buildConfigurationList = E5471B6E25503F8F0063FB08 /* Build configuration list for PBXNativeTarget "TestBlueTrainglePod" */;
			buildPhases = (
				C8FBAF00EBD7A841AB61E640 /* [CP] Check Pods Manifest.lock */,
				E5471B4525503F8B0063FB08 /* Sources */,
				E5471B4625503F8B0063FB08 /* Frameworks */,
				E5471B4725503F8B0063FB08 /* Resources */,
				AF9D38FF472CC59202207A8B /* [CP] Embed Pods Frameworks */,
			);
			buildRules = (
			);
			dependencies = (
			);
			name = TestBlueTrainglePod;
			productName = TestBlueTrainglePod;
			productReference = E5471B4925503F8B0063FB08 /* TestBlueTrainglePod.app */;
			productType = "com.apple.product-type.application";
		};
		E5471B5925503F8F0063FB08 /* TestBlueTrainglePodTests */ = {
			isa = PBXNativeTarget;
			buildConfigurationList = E5471B7125503F8F0063FB08 /* Build configuration list for PBXNativeTarget "TestBlueTrainglePodTests" */;
			buildPhases = (
				FD0D4AB850D6B6722B1FD1FB /* [CP] Check Pods Manifest.lock */,
				E5471B5625503F8F0063FB08 /* Sources */,
				E5471B5725503F8F0063FB08 /* Frameworks */,
				E5471B5825503F8F0063FB08 /* Resources */,
			);
			buildRules = (
			);
			dependencies = (
				E5471B5C25503F8F0063FB08 /* PBXTargetDependency */,
			);
			name = TestBlueTrainglePodTests;
			productName = TestBlueTrainglePodTests;
			productReference = E5471B5A25503F8F0063FB08 /* TestBlueTrainglePodTests.xctest */;
			productType = "com.apple.product-type.bundle.unit-test";
		};
		E5471B6425503F8F0063FB08 /* TestBlueTrainglePodUITests */ = {
			isa = PBXNativeTarget;
			buildConfigurationList = E5471B7425503F8F0063FB08 /* Build configuration list for PBXNativeTarget "TestBlueTrainglePodUITests" */;
			buildPhases = (
				DA9922EAFFCF48D77E93D87E /* [CP] Check Pods Manifest.lock */,
				E5471B6125503F8F0063FB08 /* Sources */,
				E5471B6225503F8F0063FB08 /* Frameworks */,
				E5471B6325503F8F0063FB08 /* Resources */,
				2E8B546B4BC4A1A8504F6B4D /* [CP] Embed Pods Frameworks */,
			);
			buildRules = (
			);
			dependencies = (
				E5471B6725503F8F0063FB08 /* PBXTargetDependency */,
			);
			name = TestBlueTrainglePodUITests;
			productName = TestBlueTrainglePodUITests;
			productReference = E5471B6525503F8F0063FB08 /* TestBlueTrainglePodUITests.xctest */;
			productType = "com.apple.product-type.bundle.ui-testing";
		};
/* End PBXNativeTarget section */

/* Begin PBXProject section */
		E5471B4125503F8B0063FB08 /* Project object */ = {
			isa = PBXProject;
			attributes = {
				LastSwiftUpdateCheck = 1210;
				LastUpgradeCheck = 1210;
				TargetAttributes = {
					E5471B4825503F8B0063FB08 = {
						CreatedOnToolsVersion = 12.1;
					};
					E5471B5925503F8F0063FB08 = {
						CreatedOnToolsVersion = 12.1;
						TestTargetID = E5471B4825503F8B0063FB08;
					};
					E5471B6425503F8F0063FB08 = {
						CreatedOnToolsVersion = 12.1;
						TestTargetID = E5471B4825503F8B0063FB08;
					};
				};
			};
			buildConfigurationList = E5471B4425503F8B0063FB08 /* Build configuration list for PBXProject "TestBlueTrainglePod" */;
			compatibilityVersion = "Xcode 9.3";
			developmentRegion = en;
			hasScannedForEncodings = 0;
			knownRegions = (
				en,
				Base,
			);
			mainGroup = E5471B4025503F8B0063FB08;
			productRefGroup = E5471B4A25503F8B0063FB08 /* Products */;
			projectDirPath = "";
			projectRoot = "";
			targets = (
				E5471B4825503F8B0063FB08 /* TestBlueTrainglePod */,
				E5471B5925503F8F0063FB08 /* TestBlueTrainglePodTests */,
				E5471B6425503F8F0063FB08 /* TestBlueTrainglePodUITests */,
			);
		};
/* End PBXProject section */

/* Begin PBXResourcesBuildPhase section */
		E5471B4725503F8B0063FB08 /* Resources */ = {
			isa = PBXResourcesBuildPhase;
			buildActionMask = 2147483647;
			files = (
				E5471B5425503F8F0063FB08 /* Preview Assets.xcassets in Resources */,
				E5471B5125503F8F0063FB08 /* Assets.xcassets in Resources */,
			);
			runOnlyForDeploymentPostprocessing = 0;
		};
		E5471B5825503F8F0063FB08 /* Resources */ = {
			isa = PBXResourcesBuildPhase;
			buildActionMask = 2147483647;
			files = (
			);
			runOnlyForDeploymentPostprocessing = 0;
		};
		E5471B6325503F8F0063FB08 /* Resources */ = {
			isa = PBXResourcesBuildPhase;
			buildActionMask = 2147483647;
			files = (
			);
			runOnlyForDeploymentPostprocessing = 0;
		};
/* End PBXResourcesBuildPhase section */

/* Begin PBXShellScriptBuildPhase section */
		2E8B546B4BC4A1A8504F6B4D /* [CP] Embed Pods Frameworks */ = {
			isa = PBXShellScriptBuildPhase;
			buildActionMask = 2147483647;
			files = (
			);
			inputFileListPaths = (
				"${PODS_ROOT}/Target Support Files/Pods-TestBlueTrainglePod-TestBlueTrainglePodUITests/Pods-TestBlueTrainglePod-TestBlueTrainglePodUITests-frameworks-${CONFIGURATION}-input-files.xcfilelist",
			);
			name = "[CP] Embed Pods Frameworks";
			outputFileListPaths = (
				"${PODS_ROOT}/Target Support Files/Pods-TestBlueTrainglePod-TestBlueTrainglePodUITests/Pods-TestBlueTrainglePod-TestBlueTrainglePodUITests-frameworks-${CONFIGURATION}-output-files.xcfilelist",
			);
			runOnlyForDeploymentPostprocessing = 0;
			shellPath = /bin/sh;
			shellScript = "\"${PODS_ROOT}/Target Support Files/Pods-TestBlueTrainglePod-TestBlueTrainglePodUITests/Pods-TestBlueTrainglePod-TestBlueTrainglePodUITests-frameworks.sh\"\n";
			showEnvVarsInLog = 0;
		};
		AF9D38FF472CC59202207A8B /* [CP] Embed Pods Frameworks */ = {
			isa = PBXShellScriptBuildPhase;
			buildActionMask = 2147483647;
			files = (
			);
			inputFileListPaths = (
				"${PODS_ROOT}/Target Support Files/Pods-TestBlueTrainglePod/Pods-TestBlueTrainglePod-frameworks-${CONFIGURATION}-input-files.xcfilelist",
			);
			name = "[CP] Embed Pods Frameworks";
			outputFileListPaths = (
				"${PODS_ROOT}/Target Support Files/Pods-TestBlueTrainglePod/Pods-TestBlueTrainglePod-frameworks-${CONFIGURATION}-output-files.xcfilelist",
			);
			runOnlyForDeploymentPostprocessing = 0;
			shellPath = /bin/sh;
			shellScript = "\"${PODS_ROOT}/Target Support Files/Pods-TestBlueTrainglePod/Pods-TestBlueTrainglePod-frameworks.sh\"\n";
			showEnvVarsInLog = 0;
		};
		C8FBAF00EBD7A841AB61E640 /* [CP] Check Pods Manifest.lock */ = {
			isa = PBXShellScriptBuildPhase;
			buildActionMask = 2147483647;
			files = (
			);
			inputFileListPaths = (
			);
			inputPaths = (
				"${PODS_PODFILE_DIR_PATH}/Podfile.lock",
				"${PODS_ROOT}/Manifest.lock",
			);
			name = "[CP] Check Pods Manifest.lock";
			outputFileListPaths = (
			);
			outputPaths = (
				"$(DERIVED_FILE_DIR)/Pods-TestBlueTrainglePod-checkManifestLockResult.txt",
			);
			runOnlyForDeploymentPostprocessing = 0;
			shellPath = /bin/sh;
			shellScript = "diff \"${PODS_PODFILE_DIR_PATH}/Podfile.lock\" \"${PODS_ROOT}/Manifest.lock\" > /dev/null\nif [ $? != 0 ] ; then\n    # print error to STDERR\n    echo \"error: The sandbox is not in sync with the Podfile.lock. Run 'pod install' or update your CocoaPods installation.\" >&2\n    exit 1\nfi\n# This output is used by Xcode 'outputs' to avoid re-running this script phase.\necho \"SUCCESS\" > \"${SCRIPT_OUTPUT_FILE_0}\"\n";
			showEnvVarsInLog = 0;
		};
		DA9922EAFFCF48D77E93D87E /* [CP] Check Pods Manifest.lock */ = {
			isa = PBXShellScriptBuildPhase;
			buildActionMask = 2147483647;
			files = (
			);
			inputFileListPaths = (
			);
			inputPaths = (
				"${PODS_PODFILE_DIR_PATH}/Podfile.lock",
				"${PODS_ROOT}/Manifest.lock",
			);
			name = "[CP] Check Pods Manifest.lock";
			outputFileListPaths = (
			);
			outputPaths = (
				"$(DERIVED_FILE_DIR)/Pods-TestBlueTrainglePod-TestBlueTrainglePodUITests-checkManifestLockResult.txt",
			);
			runOnlyForDeploymentPostprocessing = 0;
			shellPath = /bin/sh;
			shellScript = "diff \"${PODS_PODFILE_DIR_PATH}/Podfile.lock\" \"${PODS_ROOT}/Manifest.lock\" > /dev/null\nif [ $? != 0 ] ; then\n    # print error to STDERR\n    echo \"error: The sandbox is not in sync with the Podfile.lock. Run 'pod install' or update your CocoaPods installation.\" >&2\n    exit 1\nfi\n# This output is used by Xcode 'outputs' to avoid re-running this script phase.\necho \"SUCCESS\" > \"${SCRIPT_OUTPUT_FILE_0}\"\n";
			showEnvVarsInLog = 0;
		};
		FD0D4AB850D6B6722B1FD1FB /* [CP] Check Pods Manifest.lock */ = {
			isa = PBXShellScriptBuildPhase;
			buildActionMask = 2147483647;
			files = (
			);
			inputFileListPaths = (
			);
			inputPaths = (
				"${PODS_PODFILE_DIR_PATH}/Podfile.lock",
				"${PODS_ROOT}/Manifest.lock",
			);
			name = "[CP] Check Pods Manifest.lock";
			outputFileListPaths = (
			);
			outputPaths = (
				"$(DERIVED_FILE_DIR)/Pods-TestBlueTrainglePodTests-checkManifestLockResult.txt",
			);
			runOnlyForDeploymentPostprocessing = 0;
			shellPath = /bin/sh;
			shellScript = "diff \"${PODS_PODFILE_DIR_PATH}/Podfile.lock\" \"${PODS_ROOT}/Manifest.lock\" > /dev/null\nif [ $? != 0 ] ; then\n    # print error to STDERR\n    echo \"error: The sandbox is not in sync with the Podfile.lock. Run 'pod install' or update your CocoaPods installation.\" >&2\n    exit 1\nfi\n# This output is used by Xcode 'outputs' to avoid re-running this script phase.\necho \"SUCCESS\" > \"${SCRIPT_OUTPUT_FILE_0}\"\n";
			showEnvVarsInLog = 0;
		};
/* End PBXShellScriptBuildPhase section */

/* Begin PBXSourcesBuildPhase section */
		E5471B4525503F8B0063FB08 /* Sources */ = {
			isa = PBXSourcesBuildPhase;
			buildActionMask = 2147483647;
			files = (
				E5471B4F25503F8B0063FB08 /* ContentView.swift in Sources */,
				E5471B4D25503F8B0063FB08 /* TestBlueTrainglePodApp.swift in Sources */,
			);
			runOnlyForDeploymentPostprocessing = 0;
		};
		E5471B5625503F8F0063FB08 /* Sources */ = {
			isa = PBXSourcesBuildPhase;
			buildActionMask = 2147483647;
			files = (
				E5471B5F25503F8F0063FB08 /* TestBlueTrainglePodTests.swift in Sources */,
			);
			runOnlyForDeploymentPostprocessing = 0;
		};
		E5471B6125503F8F0063FB08 /* Sources */ = {
			isa = PBXSourcesBuildPhase;
			buildActionMask = 2147483647;
			files = (
				E5471B6A25503F8F0063FB08 /* TestBlueTrainglePodUITests.swift in Sources */,
			);
			runOnlyForDeploymentPostprocessing = 0;
		};
/* End PBXSourcesBuildPhase section */

/* Begin PBXTargetDependency section */
		E5471B5C25503F8F0063FB08 /* PBXTargetDependency */ = {
			isa = PBXTargetDependency;
			target = E5471B4825503F8B0063FB08 /* TestBlueTrainglePod */;
			targetProxy = E5471B5B25503F8F0063FB08 /* PBXContainerItemProxy */;
		};
		E5471B6725503F8F0063FB08 /* PBXTargetDependency */ = {
			isa = PBXTargetDependency;
			target = E5471B4825503F8B0063FB08 /* TestBlueTrainglePod */;
			targetProxy = E5471B6625503F8F0063FB08 /* PBXContainerItemProxy */;
		};
/* End PBXTargetDependency section */

/* Begin XCBuildConfiguration section */
		E5471B6C25503F8F0063FB08 /* Debug */ = {
			isa = XCBuildConfiguration;
			buildSettings = {
				ALWAYS_SEARCH_USER_PATHS = NO;
				CLANG_ANALYZER_NONNULL = YES;
				CLANG_ANALYZER_NUMBER_OBJECT_CONVERSION = YES_AGGRESSIVE;
				CLANG_CXX_LANGUAGE_STANDARD = "gnu++14";
				CLANG_CXX_LIBRARY = "libc++";
				CLANG_ENABLE_MODULES = YES;
				CLANG_ENABLE_OBJC_ARC = YES;
				CLANG_ENABLE_OBJC_WEAK = YES;
				CLANG_WARN_BLOCK_CAPTURE_AUTORELEASING = YES;
				CLANG_WARN_BOOL_CONVERSION = YES;
				CLANG_WARN_COMMA = YES;
				CLANG_WARN_CONSTANT_CONVERSION = YES;
				CLANG_WARN_DEPRECATED_OBJC_IMPLEMENTATIONS = YES;
				CLANG_WARN_DIRECT_OBJC_ISA_USAGE = YES_ERROR;
				CLANG_WARN_DOCUMENTATION_COMMENTS = YES;
				CLANG_WARN_EMPTY_BODY = YES;
				CLANG_WARN_ENUM_CONVERSION = YES;
				CLANG_WARN_INFINITE_RECURSION = YES;
				CLANG_WARN_INT_CONVERSION = YES;
				CLANG_WARN_NON_LITERAL_NULL_CONVERSION = YES;
				CLANG_WARN_OBJC_IMPLICIT_RETAIN_SELF = YES;
				CLANG_WARN_OBJC_LITERAL_CONVERSION = YES;
				CLANG_WARN_OBJC_ROOT_CLASS = YES_ERROR;
				CLANG_WARN_QUOTED_INCLUDE_IN_FRAMEWORK_HEADER = YES;
				CLANG_WARN_RANGE_LOOP_ANALYSIS = YES;
				CLANG_WARN_STRICT_PROTOTYPES = YES;
				CLANG_WARN_SUSPICIOUS_MOVE = YES;
				CLANG_WARN_UNGUARDED_AVAILABILITY = YES_AGGRESSIVE;
				CLANG_WARN_UNREACHABLE_CODE = YES;
				CLANG_WARN__DUPLICATE_METHOD_MATCH = YES;
				COPY_PHASE_STRIP = NO;
				DEBUG_INFORMATION_FORMAT = dwarf;
				ENABLE_STRICT_OBJC_MSGSEND = YES;
				ENABLE_TESTABILITY = YES;
				GCC_C_LANGUAGE_STANDARD = gnu11;
				GCC_DYNAMIC_NO_PIC = NO;
				GCC_NO_COMMON_BLOCKS = YES;
				GCC_OPTIMIZATION_LEVEL = 0;
				GCC_PREPROCESSOR_DEFINITIONS = (
					"DEBUG=1",
					"$(inherited)",
				);
				GCC_WARN_64_TO_32_BIT_CONVERSION = YES;
				GCC_WARN_ABOUT_RETURN_TYPE = YES_ERROR;
				GCC_WARN_UNDECLARED_SELECTOR = YES;
				GCC_WARN_UNINITIALIZED_AUTOS = YES_AGGRESSIVE;
				GCC_WARN_UNUSED_FUNCTION = YES;
				GCC_WARN_UNUSED_VARIABLE = YES;
				IPHONEOS_DEPLOYMENT_TARGET = 14.1;
				MTL_ENABLE_DEBUG_INFO = INCLUDE_SOURCE;
				MTL_FAST_MATH = YES;
				ONLY_ACTIVE_ARCH = YES;
				SDKROOT = iphoneos;
				SWIFT_ACTIVE_COMPILATION_CONDITIONS = DEBUG;
				SWIFT_OPTIMIZATION_LEVEL = "-Onone";
			};
			name = Debug;
		};
		E5471B6D25503F8F0063FB08 /* Release */ = {
			isa = XCBuildConfiguration;
			buildSettings = {
				ALWAYS_SEARCH_USER_PATHS = NO;
				CLANG_ANALYZER_NONNULL = YES;
				CLANG_ANALYZER_NUMBER_OBJECT_CONVERSION = YES_AGGRESSIVE;
				CLANG_CXX_LANGUAGE_STANDARD = "gnu++14";
				CLANG_CXX_LIBRARY = "libc++";
				CLANG_ENABLE_MODULES = YES;
				CLANG_ENABLE_OBJC_ARC = YES;
				CLANG_ENABLE_OBJC_WEAK = YES;
				CLANG_WARN_BLOCK_CAPTURE_AUTORELEASING = YES;
				CLANG_WARN_BOOL_CONVERSION = YES;
				CLANG_WARN_COMMA = YES;
				CLANG_WARN_CONSTANT_CONVERSION = YES;
				CLANG_WARN_DEPRECATED_OBJC_IMPLEMENTATIONS = YES;
				CLANG_WARN_DIRECT_OBJC_ISA_USAGE = YES_ERROR;
				CLANG_WARN_DOCUMENTATION_COMMENTS = YES;
				CLANG_WARN_EMPTY_BODY = YES;
				CLANG_WARN_ENUM_CONVERSION = YES;
				CLANG_WARN_INFINITE_RECURSION = YES;
				CLANG_WARN_INT_CONVERSION = YES;
				CLANG_WARN_NON_LITERAL_NULL_CONVERSION = YES;
				CLANG_WARN_OBJC_IMPLICIT_RETAIN_SELF = YES;
				CLANG_WARN_OBJC_LITERAL_CONVERSION = YES;
				CLANG_WARN_OBJC_ROOT_CLASS = YES_ERROR;
				CLANG_WARN_QUOTED_INCLUDE_IN_FRAMEWORK_HEADER = YES;
				CLANG_WARN_RANGE_LOOP_ANALYSIS = YES;
				CLANG_WARN_STRICT_PROTOTYPES = YES;
				CLANG_WARN_SUSPICIOUS_MOVE = YES;
				CLANG_WARN_UNGUARDED_AVAILABILITY = YES_AGGRESSIVE;
				CLANG_WARN_UNREACHABLE_CODE = YES;
				CLANG_WARN__DUPLICATE_METHOD_MATCH = YES;
				COPY_PHASE_STRIP = NO;
				DEBUG_INFORMATION_FORMAT = "dwarf-with-dsym";
				ENABLE_NS_ASSERTIONS = NO;
				ENABLE_STRICT_OBJC_MSGSEND = YES;
				GCC_C_LANGUAGE_STANDARD = gnu11;
				GCC_NO_COMMON_BLOCKS = YES;
				GCC_WARN_64_TO_32_BIT_CONVERSION = YES;
				GCC_WARN_ABOUT_RETURN_TYPE = YES_ERROR;
				GCC_WARN_UNDECLARED_SELECTOR = YES;
				GCC_WARN_UNINITIALIZED_AUTOS = YES_AGGRESSIVE;
				GCC_WARN_UNUSED_FUNCTION = YES;
				GCC_WARN_UNUSED_VARIABLE = YES;
				IPHONEOS_DEPLOYMENT_TARGET = 14.1;
				MTL_ENABLE_DEBUG_INFO = NO;
				MTL_FAST_MATH = YES;
				SDKROOT = iphoneos;
				SWIFT_COMPILATION_MODE = wholemodule;
				SWIFT_OPTIMIZATION_LEVEL = "-O";
				VALIDATE_PRODUCT = YES;
			};
			name = Release;
		};
		E5471B6F25503F8F0063FB08 /* Debug */ = {
			isa = XCBuildConfiguration;
			baseConfigurationReference = A3F9A0558118D8988524B319 /* Pods-TestBlueTrainglePod.debug.xcconfig */;
			buildSettings = {
				ASSETCATALOG_COMPILER_APPICON_NAME = AppIcon;
				ASSETCATALOG_COMPILER_GLOBAL_ACCENT_COLOR_NAME = AccentColor;
				CODE_SIGN_STYLE = Automatic;
				DEVELOPMENT_ASSET_PATHS = "\"TestBlueTrainglePod/Preview Content\"";
				DEVELOPMENT_TEAM = PS6YPUX6J9;
				ENABLE_PREVIEWS = YES;
				INFOPLIST_FILE = TestBlueTrainglePod/Info.plist;
				IPHONEOS_DEPLOYMENT_TARGET = 14.0;
				LD_RUNPATH_SEARCH_PATHS = (
					"$(inherited)",
					"@executable_path/Frameworks",
				);
				PRODUCT_BUNDLE_IDENTIFIER = BlueTriangle.TestBlueTrainglePod;
				PRODUCT_NAME = "$(TARGET_NAME)";
				SWIFT_VERSION = 5.0;
				TARGETED_DEVICE_FAMILY = "1,2";
			};
			name = Debug;
		};
		E5471B7025503F8F0063FB08 /* Release */ = {
			isa = XCBuildConfiguration;
			baseConfigurationReference = 9B071AA80BEA9BC1AAEC5F29 /* Pods-TestBlueTrainglePod.release.xcconfig */;
			buildSettings = {
				ASSETCATALOG_COMPILER_APPICON_NAME = AppIcon;
				ASSETCATALOG_COMPILER_GLOBAL_ACCENT_COLOR_NAME = AccentColor;
				CODE_SIGN_STYLE = Automatic;
				DEVELOPMENT_ASSET_PATHS = "\"TestBlueTrainglePod/Preview Content\"";
				DEVELOPMENT_TEAM = PS6YPUX6J9;
				ENABLE_PREVIEWS = YES;
				INFOPLIST_FILE = TestBlueTrainglePod/Info.plist;
				IPHONEOS_DEPLOYMENT_TARGET = 14.0;
				LD_RUNPATH_SEARCH_PATHS = (
					"$(inherited)",
					"@executable_path/Frameworks",
				);
				PRODUCT_BUNDLE_IDENTIFIER = BlueTriangle.TestBlueTrainglePod;
				PRODUCT_NAME = "$(TARGET_NAME)";
				SWIFT_VERSION = 5.0;
				TARGETED_DEVICE_FAMILY = "1,2";
			};
			name = Release;
		};
		E5471B7225503F8F0063FB08 /* Debug */ = {
			isa = XCBuildConfiguration;
			baseConfigurationReference = 246F85944532F7312F82DFBA /* Pods-TestBlueTrainglePodTests.debug.xcconfig */;
			buildSettings = {
				ALWAYS_EMBED_SWIFT_STANDARD_LIBRARIES = YES;
				BUNDLE_LOADER = "$(TEST_HOST)";
				CODE_SIGN_STYLE = Automatic;
				DEVELOPMENT_TEAM = PS6YPUX6J9;
				INFOPLIST_FILE = TestBlueTrainglePodTests/Info.plist;
				IPHONEOS_DEPLOYMENT_TARGET = 14.0;
				LD_RUNPATH_SEARCH_PATHS = (
					"$(inherited)",
					"@executable_path/Frameworks",
					"@loader_path/Frameworks",
				);
				PRODUCT_BUNDLE_IDENTIFIER = BlueTriangle.TestBlueTrainglePodTests;
				PRODUCT_NAME = "$(TARGET_NAME)";
				SWIFT_VERSION = 5.0;
				TARGETED_DEVICE_FAMILY = "1,2";
				TEST_HOST = "$(BUILT_PRODUCTS_DIR)/TestBlueTrainglePod.app/TestBlueTrainglePod";
			};
			name = Debug;
		};
		E5471B7325503F8F0063FB08 /* Release */ = {
			isa = XCBuildConfiguration;
			baseConfigurationReference = 18E127E4A887A7BBB6A0CAA4 /* Pods-TestBlueTrainglePodTests.release.xcconfig */;
			buildSettings = {
				ALWAYS_EMBED_SWIFT_STANDARD_LIBRARIES = YES;
				BUNDLE_LOADER = "$(TEST_HOST)";
				CODE_SIGN_STYLE = Automatic;
				DEVELOPMENT_TEAM = PS6YPUX6J9;
				INFOPLIST_FILE = TestBlueTrainglePodTests/Info.plist;
				IPHONEOS_DEPLOYMENT_TARGET = 14.0;
				LD_RUNPATH_SEARCH_PATHS = (
					"$(inherited)",
					"@executable_path/Frameworks",
					"@loader_path/Frameworks",
				);
				PRODUCT_BUNDLE_IDENTIFIER = BlueTriangle.TestBlueTrainglePodTests;
				PRODUCT_NAME = "$(TARGET_NAME)";
				SWIFT_VERSION = 5.0;
				TARGETED_DEVICE_FAMILY = "1,2";
				TEST_HOST = "$(BUILT_PRODUCTS_DIR)/TestBlueTrainglePod.app/TestBlueTrainglePod";
			};
			name = Release;
		};
		E5471B7525503F8F0063FB08 /* Debug */ = {
			isa = XCBuildConfiguration;
			baseConfigurationReference = DC4797615BA02621A038F8E5 /* Pods-TestBlueTrainglePod-TestBlueTrainglePodUITests.debug.xcconfig */;
			buildSettings = {
				ALWAYS_EMBED_SWIFT_STANDARD_LIBRARIES = YES;
				CODE_SIGN_STYLE = Automatic;
				DEVELOPMENT_TEAM = PS6YPUX6J9;
				INFOPLIST_FILE = TestBlueTrainglePodUITests/Info.plist;
				LD_RUNPATH_SEARCH_PATHS = (
					"$(inherited)",
					"@executable_path/Frameworks",
					"@loader_path/Frameworks",
				);
				PRODUCT_BUNDLE_IDENTIFIER = BlueTriangle.TestBlueTrainglePodUITests;
				PRODUCT_NAME = "$(TARGET_NAME)";
				SWIFT_VERSION = 5.0;
				TARGETED_DEVICE_FAMILY = "1,2";
				TEST_TARGET_NAME = TestBlueTrainglePod;
			};
			name = Debug;
		};
		E5471B7625503F8F0063FB08 /* Release */ = {
			isa = XCBuildConfiguration;
			baseConfigurationReference = 4DCAA95D27B1F6652BAAF273 /* Pods-TestBlueTrainglePod-TestBlueTrainglePodUITests.release.xcconfig */;
			buildSettings = {
				ALWAYS_EMBED_SWIFT_STANDARD_LIBRARIES = YES;
				CODE_SIGN_STYLE = Automatic;
				DEVELOPMENT_TEAM = PS6YPUX6J9;
				INFOPLIST_FILE = TestBlueTrainglePodUITests/Info.plist;
				LD_RUNPATH_SEARCH_PATHS = (
					"$(inherited)",
					"@executable_path/Frameworks",
					"@loader_path/Frameworks",
				);
				PRODUCT_BUNDLE_IDENTIFIER = BlueTriangle.TestBlueTrainglePodUITests;
				PRODUCT_NAME = "$(TARGET_NAME)";
				SWIFT_VERSION = 5.0;
				TARGETED_DEVICE_FAMILY = "1,2";
				TEST_TARGET_NAME = TestBlueTrainglePod;
			};
			name = Release;
		};
/* End XCBuildConfiguration section */

/* Begin XCConfigurationList section */
		E5471B4425503F8B0063FB08 /* Build configuration list for PBXProject "TestBlueTrainglePod" */ = {
			isa = XCConfigurationList;
			buildConfigurations = (
				E5471B6C25503F8F0063FB08 /* Debug */,
				E5471B6D25503F8F0063FB08 /* Release */,
			);
			defaultConfigurationIsVisible = 0;
			defaultConfigurationName = Release;
		};
		E5471B6E25503F8F0063FB08 /* Build configuration list for PBXNativeTarget "TestBlueTrainglePod" */ = {
			isa = XCConfigurationList;
			buildConfigurations = (
				E5471B6F25503F8F0063FB08 /* Debug */,
				E5471B7025503F8F0063FB08 /* Release */,
			);
			defaultConfigurationIsVisible = 0;
			defaultConfigurationName = Release;
		};
		E5471B7125503F8F0063FB08 /* Build configuration list for PBXNativeTarget "TestBlueTrainglePodTests" */ = {
			isa = XCConfigurationList;
			buildConfigurations = (
				E5471B7225503F8F0063FB08 /* Debug */,
				E5471B7325503F8F0063FB08 /* Release */,
			);
			defaultConfigurationIsVisible = 0;
			defaultConfigurationName = Release;
		};
		E5471B7425503F8F0063FB08 /* Build configuration list for PBXNativeTarget "TestBlueTrainglePodUITests" */ = {
			isa = XCConfigurationList;
			buildConfigurations = (
				E5471B7525503F8F0063FB08 /* Debug */,
				E5471B7625503F8F0063FB08 /* Release */,
			);
			defaultConfigurationIsVisible = 0;
			defaultConfigurationName = Release;
		};
/* End XCConfigurationList section */
	};
	rootObject = E5471B4125503F8B0063FB08 /* Project object */;
}
